
Microsoft Visual Studio Solution File, Format Version 12.00
# Visual Studio 15
VisualStudioVersion = 15.0.27130.2027
MinimumVisualStudioVersion = 10.0.40219.1
Project("{FAE04EC0-301F-11D3-BF4B-00C04F79EFBC}") = "GUI", "GUI\GUI.csproj", "{1A652E61-D7D7-49A9-958D-AB83E9C186C5}"
EndProject
Project("{8BC9CEB8-8B4A-11D0-8D11-00A0C91BC942}") = "FileSystem", "FileSystem-Windows\FileSystemDemo\FileSystemDemo.vcxproj", "{EF4A3188-CA93-45A2-AB52-7548669E3AA8}"
EndProject
Project("{8BC9CEB8-8B4A-11D0-8D11-00A0C91BC942}") = "MsgPassingComm", "CppCommWithFileXfer\MsgPassingComm\MsgPassingComm.vcxproj", "{6E58E051-CC07-4D7F-92A4-06A117A79CA7}"
EndProject
Project("{8BC9CEB8-8B4A-11D0-8D11-00A0C91BC942}") = "ServerPrototype", "ServerPrototype\ServerPrototype.vcxproj", "{FD4E1C9E-ECA7-49CD-A3CE-B9F99864B835}"
EndProject
Project("{8BC9CEB8-8B4A-11D0-8D11-00A0C91BC942}") = "Utilities", "CppCommWithFileXfer\Utilities\Utilities.vcxproj", "{462B43B2-8B13-4178-BF2A-903F76F1985C}"
EndProject
Project("{8BC9CEB8-8B4A-11D0-8D11-00A0C91BC942}") = "Message", "CppCommWithFileXfer\Message\Message.vcxproj", "{4133D528-AB6D-4CCD-AF37-67536F36154C}"
EndProject
Project("{8BC9CEB8-8B4A-11D0-8D11-00A0C91BC942}") = "Sockets", "CppCommWithFileXfer\Sockets\Sockets.vcxproj", "{CA3129B8-1BF4-44C9-B116-53EC72D0BCCB}"
EndProject
Project("{8BC9CEB8-8B4A-11D0-8D11-00A0C91BC942}") = "Translater", "Translater\Translater.vcxproj", "{6105617E-3D4C-4914-BA33-E3D053496BA3}"
EndProject
Project("{8BC9CEB8-8B4A-11D0-8D11-00A0C91BC942}") = "CommLibWrapper", "CommLibWrapper\CommLibWrapper.vcxproj", "{B1DB1846-C0FC-48EF-80E4-DC556E9240FA}"
EndProject
Project("{2150E333-8FDC-42A3-9474-1A3956D46DE8}") = "Solution Items", "Solution Items", "{8DCC68AF-587F-4FCF-82DF-767D7ACA410F}"
	ProjectSection(SolutionItems) = preProject
		About.txt = About.txt
		Build.txt = Build.txt
		NoSqlDb\Build.txt = NoSqlDb\Build.txt
		NoSqlDb\Notes.txt = NoSqlDb\Notes.txt
		NoSqlDb\Package_Responsibilities.txt = NoSqlDb\Package_Responsibilities.txt
		Parts.txt = Parts.txt
		..\..\coretechnologies\Win32SystemProgramming\code\spawnProc\spawnProc.cpp = ..\..\coretechnologies\Win32SystemProgramming\code\spawnProc\spawnProc.cpp
		..\coretechnologies\Win32SystemProgramming\code\spawnProc\spawnProc.cpp = ..\coretechnologies\Win32SystemProgramming\code\spawnProc\spawnProc.cpp
		..\..\coretechnologies\Win32SystemProgramming\code\spawnProc\testApp\testApp.cpp = ..\..\coretechnologies\Win32SystemProgramming\code\spawnProc\testApp\testApp.cpp
		..\coretechnologies\Win32SystemProgramming\code\spawnProc\testApp\testApp.cpp = ..\coretechnologies\Win32SystemProgramming\code\spawnProc\testApp\testApp.cpp
		ToDo.txt = ToDo.txt
		NoSqlDb\ToDo.txt = NoSqlDb\ToDo.txt
	EndProjectSection
EndProject
Project("{8BC9CEB8-8B4A-11D0-8D11-00A0C91BC942}") = "Process", "Process\Process\Process.vcxproj", "{5E2548A1-C280-49E1-A2B6-55F4BA12B3F2}"
EndProject
Project("{8BC9CEB8-8B4A-11D0-8D11-00A0C91BC942}") = "DbCore", "NoSqlDb\DbCore\DbCore.vcxproj", "{9EDDB1B5-90E6-4D4F-8B3B-DBA3E3FFDB7A}"
EndProject
Project("{8BC9CEB8-8B4A-11D0-8D11-00A0C91BC942}") = "DateTime", "NoSqlDb\DateTime\DateTime.vcxproj", "{C1E1F450-B7E1-4796-84D5-7D3C831DFF68}"
EndProject
Project("{2150E333-8FDC-42A3-9474-1A3956D46DE8}") = "Solution Items", "Solution Items", "{8DCC68AF-587F-4FCF-82DF-767D7ACA410F}"
	ProjectSection(SolutionItems) = preProject
		About.txt = About.txt
		Build.txt = Build.txt
		NoSqlDb\Build.txt = NoSqlDb\Build.txt
		NoSqlDb\Notes.txt = NoSqlDb\Notes.txt
		NoSqlDb\Package_Responsibilities.txt = NoSqlDb\Package_Responsibilities.txt
		Parts.txt = Parts.txt
		..\..\coretechnologies\Win32SystemProgramming\code\spawnProc\spawnProc.cpp = ..\..\coretechnologies\Win32SystemProgramming\code\spawnProc\spawnProc.cpp
		..\coretechnologies\Win32SystemProgramming\code\spawnProc\spawnProc.cpp = ..\coretechnologies\Win32SystemProgramming\code\spawnProc\spawnProc.cpp
		..\..\coretechnologies\Win32SystemProgramming\code\spawnProc\testApp\testApp.cpp = ..\..\coretechnologies\Win32SystemProgramming\code\spawnProc\testApp\testApp.cpp
		..\coretechnologies\Win32SystemProgramming\code\spawnProc\testApp\testApp.cpp = ..\coretechnologies\Win32SystemProgramming\code\spawnProc\testApp\testApp.cpp
		ToDo.txt = ToDo.txt
		NoSqlDb\ToDo.txt = NoSqlDb\ToDo.txt
	EndProjectSection
EndProject
Project("{8BC9CEB8-8B4A-11D0-8D11-00A0C91BC942}") = "TestUtilities", "NoSqlDb\Utilities\TestUtilities\TestUtilities.vcxproj", "{A8DC26E8-826F-4714-8B5E-408E0DD30C74}"
EndProject
Project("{8BC9CEB8-8B4A-11D0-8D11-00A0C91BC942}") = "StringUtilities", "NoSqlDb\Utilities\StringUtilities\Utilities.vcxproj", "{730F003A-E32A-4917-A0E1-8B4E4B920CA9}"
EndProject
Project("{8BC9CEB8-8B4A-11D0-8D11-00A0C91BC942}") = "TestClassProj", "NoSqlDb\TestClassProj\TestClassProj.vcxproj", "{FE5FFC8A-49A1-49EE-B82B-8305D61D4754}"
EndProject
Project("{8BC9CEB8-8B4A-11D0-8D11-00A0C91BC942}") = "Query", "NoSqlDb\Query\Query.vcxproj", "{95752F9E-1DB5-4AAB-9F36-F984DF608F26}"
EndProject
Project("{8BC9CEB8-8B4A-11D0-8D11-00A0C91BC942}") = "PayLoad", "NoSqlDb\PayLoad\PayLoad.vcxproj", "{CDEF5B56-A678-444B-A782-F85F542C33BC}"
EndProject
Project("{8BC9CEB8-8B4A-11D0-8D11-00A0C91BC942}") = "Persist", "NoSqlDb\Persist\Persist.vcxproj", "{6F1BF5F0-14D9-4957-B51B-3A5ACF000072}"
EndProject
Project("{8BC9CEB8-8B4A-11D0-8D11-00A0C91BC942}") = "Edit", "NoSqlDb\Edit\Edit.vcxproj", "{CC951A53-373B-4EF8-90F1-FC040BF8236E}"
EndProject
Project("{8BC9CEB8-8B4A-11D0-8D11-00A0C91BC942}") = "XmlDocument", "NoSqlDb\XmlDocument\XmlDocument\XmlDocument.vcxproj", "{0A82ECDC-7520-453A-8F2C-D813FEEE7537}"
EndProject
Project("{8BC9CEB8-8B4A-11D0-8D11-00A0C91BC942}") = "Executive", "NoSqlDb\Executive\Executive.vcxproj", "{7CC2C0A5-F346-4AE8-87AA-D7F3D1753CD6}"
EndProject
Project("{8BC9CEB8-8B4A-11D0-8D11-00A0C91BC942}") = "TestApplication", "NoSqlDb\TestApplication\TestApplication.vcxproj", "{E4EA8A18-F769-46CE-9914-FA361B18CA86}"
EndProject
Project("{8BC9CEB8-8B4A-11D0-8D11-00A0C91BC942}") = "RepositoryCore", "NoSqlDb\RepositoryCore\RepositoryCore.vcxproj", "{CB7C2B8E-57CC-4B26-8B34-ADE7E94DED7E}"
EndProject
Project("{8BC9CEB8-8B4A-11D0-8D11-00A0C91BC942}") = "Version", "NoSqlDb\Version\Version.vcxproj", "{390FB032-E872-41B3-8D3A-A6DEBAAE65B3}"
EndProject
Project("{8BC9CEB8-8B4A-11D0-8D11-00A0C91BC942}") = "Browse", "NoSqlDb\Browse\Browse.vcxproj", "{28CC928B-FC81-4140-8860-76ECEA14EF16}"
EndProject
Project("{2150E333-8FDC-42A3-9474-1A3956D46DE8}") = "Solution Items", "Solution Items", "{8DCC68AF-587F-4FCF-82DF-767D7ACA410F}"
	ProjectSection(SolutionItems) = preProject
		About.txt = About.txt
		Build.txt = Build.txt
		NoSqlDb\Build.txt = NoSqlDb\Build.txt
		NoSqlDb\Notes.txt = NoSqlDb\Notes.txt
		NoSqlDb\Package_Responsibilities.txt = NoSqlDb\Package_Responsibilities.txt
		Parts.txt = Parts.txt
		..\..\coretechnologies\Win32SystemProgramming\code\spawnProc\spawnProc.cpp = ..\..\coretechnologies\Win32SystemProgramming\code\spawnProc\spawnProc.cpp
		..\coretechnologies\Win32SystemProgramming\code\spawnProc\spawnProc.cpp = ..\coretechnologies\Win32SystemProgramming\code\spawnProc\spawnProc.cpp
		..\..\coretechnologies\Win32SystemProgramming\code\spawnProc\testApp\testApp.cpp = ..\..\coretechnologies\Win32SystemProgramming\code\spawnProc\testApp\testApp.cpp
		..\coretechnologies\Win32SystemProgramming\code\spawnProc\testApp\testApp.cpp = ..\coretechnologies\Win32SystemProgramming\code\spawnProc\testApp\testApp.cpp
		ToDo.txt = ToDo.txt
		NoSqlDb\ToDo.txt = NoSqlDb\ToDo.txt
	EndProjectSection
EndProject
Project("{8BC9CEB8-8B4A-11D0-8D11-00A0C91BC942}") = "Process", "NoSqlDb\Process\Process\Process.vcxproj", "{174AE3C6-3A85-4815-9ED4-61C3D07ECF67}"
EndProject
Project("{2150E333-8FDC-42A3-9474-1A3956D46DE8}") = "Solution Items", "Solution Items", "{8DCC68AF-587F-4FCF-82DF-767D7ACA410F}"
	ProjectSection(SolutionItems) = preProject
		About.txt = About.txt
		Build.txt = Build.txt
		NoSqlDb\Build.txt = NoSqlDb\Build.txt
		NoSqlDb\Notes.txt = NoSqlDb\Notes.txt
		NoSqlDb\Package_Responsibilities.txt = NoSqlDb\Package_Responsibilities.txt
		Parts.txt = Parts.txt
		..\..\coretechnologies\Win32SystemProgramming\code\spawnProc\spawnProc.cpp = ..\..\coretechnologies\Win32SystemProgramming\code\spawnProc\spawnProc.cpp
		..\coretechnologies\Win32SystemProgramming\code\spawnProc\spawnProc.cpp = ..\coretechnologies\Win32SystemProgramming\code\spawnProc\spawnProc.cpp
		..\..\coretechnologies\Win32SystemProgramming\code\spawnProc\testApp\testApp.cpp = ..\..\coretechnologies\Win32SystemProgramming\code\spawnProc\testApp\testApp.cpp
		..\coretechnologies\Win32SystemProgramming\code\spawnProc\testApp\testApp.cpp = ..\coretechnologies\Win32SystemProgramming\code\spawnProc\testApp\testApp.cpp
		ToDo.txt = ToDo.txt
		NoSqlDb\ToDo.txt = NoSqlDb\ToDo.txt
	EndProjectSection
EndProject
Project("{8BC9CEB8-8B4A-11D0-8D11-00A0C91BC942}") = "CheckIn", "NoSqlDb\CheckIn\CheckIn.vcxproj", "{0DF69446-9EB4-4F28-B6E1-DAB5F82CCF9B}"
EndProject
Project("{8BC9CEB8-8B4A-11D0-8D11-00A0C91BC942}") = "CheckOut", "NoSqlDb\CheckOut\CheckOut.vcxproj", "{C43016C6-1185-4B8A-955A-8542652DA4A9}"
EndProject
Global
	GlobalSection(SolutionConfigurationPlatforms) = preSolution
		Debug|Any CPU = Debug|Any CPU
		Debug|Win32 = Debug|Win32
		Debug|x64 = Debug|x64
		Debug|x86 = Debug|x86
		Release|Any CPU = Release|Any CPU
		Release|Win32 = Release|Win32
		Release|x64 = Release|x64
		Release|x86 = Release|x86
	EndGlobalSection
	GlobalSection(ProjectConfigurationPlatforms) = postSolution
		{1A652E61-D7D7-49A9-958D-AB83E9C186C5}.Debug|Any CPU.ActiveCfg = Debug|x86
		{1A652E61-D7D7-49A9-958D-AB83E9C186C5}.Debug|Any CPU.Build.0 = Debug|x86
		{1A652E61-D7D7-49A9-958D-AB83E9C186C5}.Debug|Win32.ActiveCfg = Debug|x86
		{1A652E61-D7D7-49A9-958D-AB83E9C186C5}.Debug|Win32.Build.0 = Debug|x86
		{1A652E61-D7D7-49A9-958D-AB83E9C186C5}.Debug|x64.ActiveCfg = Debug|Any CPU
		{1A652E61-D7D7-49A9-958D-AB83E9C186C5}.Debug|x64.Build.0 = Debug|Any CPU
		{1A652E61-D7D7-49A9-958D-AB83E9C186C5}.Debug|x86.ActiveCfg = Debug|Any CPU
		{1A652E61-D7D7-49A9-958D-AB83E9C186C5}.Debug|x86.Build.0 = Debug|Any CPU
		{1A652E61-D7D7-49A9-958D-AB83E9C186C5}.Release|Any CPU.ActiveCfg = Release|Any CPU
		{1A652E61-D7D7-49A9-958D-AB83E9C186C5}.Release|Any CPU.Build.0 = Release|Any CPU
		{1A652E61-D7D7-49A9-958D-AB83E9C186C5}.Release|Win32.ActiveCfg = Release|x86
		{1A652E61-D7D7-49A9-958D-AB83E9C186C5}.Release|Win32.Build.0 = Release|x86
		{1A652E61-D7D7-49A9-958D-AB83E9C186C5}.Release|x64.ActiveCfg = Release|Any CPU
		{1A652E61-D7D7-49A9-958D-AB83E9C186C5}.Release|x64.Build.0 = Release|Any CPU
		{1A652E61-D7D7-49A9-958D-AB83E9C186C5}.Release|x86.ActiveCfg = Release|Any CPU
		{1A652E61-D7D7-49A9-958D-AB83E9C186C5}.Release|x86.Build.0 = Release|Any CPU
		{EF4A3188-CA93-45A2-AB52-7548669E3AA8}.Debug|Any CPU.ActiveCfg = Debug|Win32
		{EF4A3188-CA93-45A2-AB52-7548669E3AA8}.Debug|Any CPU.Build.0 = Debug|Win32
		{EF4A3188-CA93-45A2-AB52-7548669E3AA8}.Debug|Win32.ActiveCfg = Debug|Win32
		{EF4A3188-CA93-45A2-AB52-7548669E3AA8}.Debug|Win32.Build.0 = Debug|Win32
		{EF4A3188-CA93-45A2-AB52-7548669E3AA8}.Debug|Win32.Deploy.0 = Debug|Win32
		{EF4A3188-CA93-45A2-AB52-7548669E3AA8}.Debug|x64.ActiveCfg = Debug|Win32
		{EF4A3188-CA93-45A2-AB52-7548669E3AA8}.Debug|x86.ActiveCfg = Debug|Win32
		{EF4A3188-CA93-45A2-AB52-7548669E3AA8}.Debug|x86.Build.0 = Debug|Win32
		{EF4A3188-CA93-45A2-AB52-7548669E3AA8}.Release|Any CPU.ActiveCfg = Release|Win32
		{EF4A3188-CA93-45A2-AB52-7548669E3AA8}.Release|Win32.ActiveCfg = Release|Win32
		{EF4A3188-CA93-45A2-AB52-7548669E3AA8}.Release|Win32.Build.0 = Release|Win32
		{EF4A3188-CA93-45A2-AB52-7548669E3AA8}.Release|Win32.Deploy.0 = Release|Win32
		{EF4A3188-CA93-45A2-AB52-7548669E3AA8}.Release|x64.ActiveCfg = Release|Win32
		{EF4A3188-CA93-45A2-AB52-7548669E3AA8}.Release|x86.ActiveCfg = Release|Win32
		{EF4A3188-CA93-45A2-AB52-7548669E3AA8}.Release|x86.Build.0 = Release|Win32
		{6E58E051-CC07-4D7F-92A4-06A117A79CA7}.Debug|Any CPU.ActiveCfg = Debug|Win32
		{6E58E051-CC07-4D7F-92A4-06A117A79CA7}.Debug|Any CPU.Build.0 = Debug|Win32
		{6E58E051-CC07-4D7F-92A4-06A117A79CA7}.Debug|Win32.ActiveCfg = Debug|Win32
		{6E58E051-CC07-4D7F-92A4-06A117A79CA7}.Debug|Win32.Build.0 = Debug|Win32
		{6E58E051-CC07-4D7F-92A4-06A117A79CA7}.Debug|Win32.Deploy.0 = Debug|Win32
		{6E58E051-CC07-4D7F-92A4-06A117A79CA7}.Debug|x64.ActiveCfg = Debug|x64
		{6E58E051-CC07-4D7F-92A4-06A117A79CA7}.Debug|x64.Build.0 = Debug|x64
		{6E58E051-CC07-4D7F-92A4-06A117A79CA7}.Debug|x86.ActiveCfg = Debug|Win32
		{6E58E051-CC07-4D7F-92A4-06A117A79CA7}.Debug|x86.Build.0 = Debug|Win32
		{6E58E051-CC07-4D7F-92A4-06A117A79CA7}.Release|Any CPU.ActiveCfg = Release|Win32
		{6E58E051-CC07-4D7F-92A4-06A117A79CA7}.Release|Win32.ActiveCfg = Release|Win32
		{6E58E051-CC07-4D7F-92A4-06A117A79CA7}.Release|Win32.Build.0 = Release|Win32
		{6E58E051-CC07-4D7F-92A4-06A117A79CA7}.Release|Win32.Deploy.0 = Release|Win32
		{6E58E051-CC07-4D7F-92A4-06A117A79CA7}.Release|x64.ActiveCfg = Release|x64
		{6E58E051-CC07-4D7F-92A4-06A117A79CA7}.Release|x64.Build.0 = Release|x64
		{6E58E051-CC07-4D7F-92A4-06A117A79CA7}.Release|x86.ActiveCfg = Release|Win32
		{6E58E051-CC07-4D7F-92A4-06A117A79CA7}.Release|x86.Build.0 = Release|Win32
		{FD4E1C9E-ECA7-49CD-A3CE-B9F99864B835}.Debug|Any CPU.ActiveCfg = Debug|Win32
		{FD4E1C9E-ECA7-49CD-A3CE-B9F99864B835}.Debug|Any CPU.Build.0 = Debug|Win32
		{FD4E1C9E-ECA7-49CD-A3CE-B9F99864B835}.Debug|Win32.ActiveCfg = Debug|Win32
		{FD4E1C9E-ECA7-49CD-A3CE-B9F99864B835}.Debug|Win32.Build.0 = Debug|Win32
		{FD4E1C9E-ECA7-49CD-A3CE-B9F99864B835}.Debug|Win32.Deploy.0 = Debug|Win32
		{FD4E1C9E-ECA7-49CD-A3CE-B9F99864B835}.Debug|x64.ActiveCfg = Debug|x64
		{FD4E1C9E-ECA7-49CD-A3CE-B9F99864B835}.Debug|x64.Build.0 = Debug|x64
		{FD4E1C9E-ECA7-49CD-A3CE-B9F99864B835}.Debug|x86.ActiveCfg = Debug|Win32
		{FD4E1C9E-ECA7-49CD-A3CE-B9F99864B835}.Debug|x86.Build.0 = Debug|Win32
		{FD4E1C9E-ECA7-49CD-A3CE-B9F99864B835}.Release|Any CPU.ActiveCfg = Release|Win32
		{FD4E1C9E-ECA7-49CD-A3CE-B9F99864B835}.Release|Win32.ActiveCfg = Release|Win32
		{FD4E1C9E-ECA7-49CD-A3CE-B9F99864B835}.Release|Win32.Build.0 = Release|Win32
		{FD4E1C9E-ECA7-49CD-A3CE-B9F99864B835}.Release|Win32.Deploy.0 = Release|Win32
		{FD4E1C9E-ECA7-49CD-A3CE-B9F99864B835}.Release|x64.ActiveCfg = Release|x64
		{FD4E1C9E-ECA7-49CD-A3CE-B9F99864B835}.Release|x64.Build.0 = Release|x64
		{FD4E1C9E-ECA7-49CD-A3CE-B9F99864B835}.Release|x86.ActiveCfg = Release|Win32
		{FD4E1C9E-ECA7-49CD-A3CE-B9F99864B835}.Release|x86.Build.0 = Release|Win32
		{462B43B2-8B13-4178-BF2A-903F76F1985C}.Debug|Any CPU.ActiveCfg = Debug|Win32
		{462B43B2-8B13-4178-BF2A-903F76F1985C}.Debug|Any CPU.Build.0 = Debug|Win32
		{462B43B2-8B13-4178-BF2A-903F76F1985C}.Debug|Win32.ActiveCfg = Debug|Win32
		{462B43B2-8B13-4178-BF2A-903F76F1985C}.Debug|Win32.Build.0 = Debug|Win32
		{462B43B2-8B13-4178-BF2A-903F76F1985C}.Debug|Win32.Deploy.0 = Debug|Win32
		{462B43B2-8B13-4178-BF2A-903F76F1985C}.Debug|x64.ActiveCfg = Debug|x64
		{462B43B2-8B13-4178-BF2A-903F76F1985C}.Debug|x64.Build.0 = Debug|x64
		{462B43B2-8B13-4178-BF2A-903F76F1985C}.Debug|x86.ActiveCfg = Debug|Win32
		{462B43B2-8B13-4178-BF2A-903F76F1985C}.Debug|x86.Build.0 = Debug|Win32
		{462B43B2-8B13-4178-BF2A-903F76F1985C}.Release|Any CPU.ActiveCfg = Release|Win32
		{462B43B2-8B13-4178-BF2A-903F76F1985C}.Release|Win32.ActiveCfg = Release|Win32
		{462B43B2-8B13-4178-BF2A-903F76F1985C}.Release|Win32.Build.0 = Release|Win32
		{462B43B2-8B13-4178-BF2A-903F76F1985C}.Release|Win32.Deploy.0 = Release|Win32
		{462B43B2-8B13-4178-BF2A-903F76F1985C}.Release|x64.ActiveCfg = Release|x64
		{462B43B2-8B13-4178-BF2A-903F76F1985C}.Release|x64.Build.0 = Release|x64
		{462B43B2-8B13-4178-BF2A-903F76F1985C}.Release|x86.ActiveCfg = Release|Win32
		{462B43B2-8B13-4178-BF2A-903F76F1985C}.Release|x86.Build.0 = Release|Win32
		{4133D528-AB6D-4CCD-AF37-67536F36154C}.Debug|Any CPU.ActiveCfg = Debug|Win32
		{4133D528-AB6D-4CCD-AF37-67536F36154C}.Debug|Any CPU.Build.0 = Debug|Win32
		{4133D528-AB6D-4CCD-AF37-67536F36154C}.Debug|Win32.ActiveCfg = Debug|Win32
		{4133D528-AB6D-4CCD-AF37-67536F36154C}.Debug|Win32.Build.0 = Debug|Win32
		{4133D528-AB6D-4CCD-AF37-67536F36154C}.Debug|Win32.Deploy.0 = Debug|Win32
		{4133D528-AB6D-4CCD-AF37-67536F36154C}.Debug|x64.ActiveCfg = Debug|x64
		{4133D528-AB6D-4CCD-AF37-67536F36154C}.Debug|x64.Build.0 = Debug|x64
		{4133D528-AB6D-4CCD-AF37-67536F36154C}.Debug|x86.ActiveCfg = Debug|Win32
		{4133D528-AB6D-4CCD-AF37-67536F36154C}.Debug|x86.Build.0 = Debug|Win32
		{4133D528-AB6D-4CCD-AF37-67536F36154C}.Release|Any CPU.ActiveCfg = Release|Win32
		{4133D528-AB6D-4CCD-AF37-67536F36154C}.Release|Win32.ActiveCfg = Release|Win32
		{4133D528-AB6D-4CCD-AF37-67536F36154C}.Release|Win32.Build.0 = Release|Win32
		{4133D528-AB6D-4CCD-AF37-67536F36154C}.Release|Win32.Deploy.0 = Release|Win32
		{4133D528-AB6D-4CCD-AF37-67536F36154C}.Release|x64.ActiveCfg = Release|x64
		{4133D528-AB6D-4CCD-AF37-67536F36154C}.Release|x64.Build.0 = Release|x64
		{4133D528-AB6D-4CCD-AF37-67536F36154C}.Release|x86.ActiveCfg = Release|Win32
		{4133D528-AB6D-4CCD-AF37-67536F36154C}.Release|x86.Build.0 = Release|Win32
		{CA3129B8-1BF4-44C9-B116-53EC72D0BCCB}.Debug|Any CPU.ActiveCfg = Debug|Win32
		{CA3129B8-1BF4-44C9-B116-53EC72D0BCCB}.Debug|Any CPU.Build.0 = Debug|Win32
		{CA3129B8-1BF4-44C9-B116-53EC72D0BCCB}.Debug|Win32.ActiveCfg = Debug|Win32
		{CA3129B8-1BF4-44C9-B116-53EC72D0BCCB}.Debug|Win32.Build.0 = Debug|Win32
		{CA3129B8-1BF4-44C9-B116-53EC72D0BCCB}.Debug|Win32.Deploy.0 = Debug|Win32
		{CA3129B8-1BF4-44C9-B116-53EC72D0BCCB}.Debug|x64.ActiveCfg = Debug|Win32
		{CA3129B8-1BF4-44C9-B116-53EC72D0BCCB}.Debug|x86.ActiveCfg = Debug|Win32
		{CA3129B8-1BF4-44C9-B116-53EC72D0BCCB}.Debug|x86.Build.0 = Debug|Win32
		{CA3129B8-1BF4-44C9-B116-53EC72D0BCCB}.Release|Any CPU.ActiveCfg = Release|Win32
		{CA3129B8-1BF4-44C9-B116-53EC72D0BCCB}.Release|Win32.ActiveCfg = Release|Win32
		{CA3129B8-1BF4-44C9-B116-53EC72D0BCCB}.Release|Win32.Build.0 = Release|Win32
		{CA3129B8-1BF4-44C9-B116-53EC72D0BCCB}.Release|Win32.Deploy.0 = Release|Win32
		{CA3129B8-1BF4-44C9-B116-53EC72D0BCCB}.Release|x64.ActiveCfg = Release|Win32
		{CA3129B8-1BF4-44C9-B116-53EC72D0BCCB}.Release|x86.ActiveCfg = Release|Win32
		{CA3129B8-1BF4-44C9-B116-53EC72D0BCCB}.Release|x86.Build.0 = Release|Win32
		{6105617E-3D4C-4914-BA33-E3D053496BA3}.Debug|Any CPU.ActiveCfg = Debug|Win32
		{6105617E-3D4C-4914-BA33-E3D053496BA3}.Debug|Any CPU.Build.0 = Debug|Win32
		{6105617E-3D4C-4914-BA33-E3D053496BA3}.Debug|Win32.ActiveCfg = Debug|Win32
		{6105617E-3D4C-4914-BA33-E3D053496BA3}.Debug|Win32.Build.0 = Debug|Win32
		{6105617E-3D4C-4914-BA33-E3D053496BA3}.Debug|Win32.Deploy.0 = Debug|Win32
		{6105617E-3D4C-4914-BA33-E3D053496BA3}.Debug|x64.ActiveCfg = Debug|x64
		{6105617E-3D4C-4914-BA33-E3D053496BA3}.Debug|x64.Build.0 = Debug|x64
		{6105617E-3D4C-4914-BA33-E3D053496BA3}.Debug|x86.ActiveCfg = Debug|Win32
		{6105617E-3D4C-4914-BA33-E3D053496BA3}.Debug|x86.Build.0 = Debug|Win32
		{6105617E-3D4C-4914-BA33-E3D053496BA3}.Release|Any CPU.ActiveCfg = Release|Win32
		{6105617E-3D4C-4914-BA33-E3D053496BA3}.Release|Win32.ActiveCfg = Release|Win32
		{6105617E-3D4C-4914-BA33-E3D053496BA3}.Release|Win32.Build.0 = Release|Win32
		{6105617E-3D4C-4914-BA33-E3D053496BA3}.Release|Win32.Deploy.0 = Release|Win32
		{6105617E-3D4C-4914-BA33-E3D053496BA3}.Release|x64.ActiveCfg = Release|x64
		{6105617E-3D4C-4914-BA33-E3D053496BA3}.Release|x64.Build.0 = Release|x64
		{6105617E-3D4C-4914-BA33-E3D053496BA3}.Release|x86.ActiveCfg = Release|Win32
		{6105617E-3D4C-4914-BA33-E3D053496BA3}.Release|x86.Build.0 = Release|Win32
		{B1DB1846-C0FC-48EF-80E4-DC556E9240FA}.Debug|Any CPU.ActiveCfg = Debug|Win32
		{B1DB1846-C0FC-48EF-80E4-DC556E9240FA}.Debug|Any CPU.Build.0 = Debug|Win32
		{B1DB1846-C0FC-48EF-80E4-DC556E9240FA}.Debug|Win32.ActiveCfg = Debug|Win32
		{B1DB1846-C0FC-48EF-80E4-DC556E9240FA}.Debug|Win32.Build.0 = Debug|Win32
		{B1DB1846-C0FC-48EF-80E4-DC556E9240FA}.Debug|Win32.Deploy.0 = Debug|Win32
		{B1DB1846-C0FC-48EF-80E4-DC556E9240FA}.Debug|x64.ActiveCfg = Debug|x64
		{B1DB1846-C0FC-48EF-80E4-DC556E9240FA}.Debug|x64.Build.0 = Debug|x64
		{B1DB1846-C0FC-48EF-80E4-DC556E9240FA}.Debug|x86.ActiveCfg = Debug|Win32
		{B1DB1846-C0FC-48EF-80E4-DC556E9240FA}.Debug|x86.Build.0 = Debug|Win32
		{B1DB1846-C0FC-48EF-80E4-DC556E9240FA}.Release|Any CPU.ActiveCfg = Release|Win32
		{B1DB1846-C0FC-48EF-80E4-DC556E9240FA}.Release|Win32.ActiveCfg = Release|Win32
		{B1DB1846-C0FC-48EF-80E4-DC556E9240FA}.Release|Win32.Build.0 = Release|Win32
		{B1DB1846-C0FC-48EF-80E4-DC556E9240FA}.Release|Win32.Deploy.0 = Release|Win32
		{B1DB1846-C0FC-48EF-80E4-DC556E9240FA}.Release|x64.ActiveCfg = Release|x64
		{B1DB1846-C0FC-48EF-80E4-DC556E9240FA}.Release|x64.Build.0 = Release|x64
		{B1DB1846-C0FC-48EF-80E4-DC556E9240FA}.Release|x86.ActiveCfg = Release|Win32
		{B1DB1846-C0FC-48EF-80E4-DC556E9240FA}.Release|x86.Build.0 = Release|Win32
		{5E2548A1-C280-49E1-A2B6-55F4BA12B3F2}.Debug|Any CPU.ActiveCfg = Debug|Win32
		{5E2548A1-C280-49E1-A2B6-55F4BA12B3F2}.Debug|Any CPU.Build.0 = Debug|Win32
		{5E2548A1-C280-49E1-A2B6-55F4BA12B3F2}.Debug|Win32.ActiveCfg = Debug|Win32
		{5E2548A1-C280-49E1-A2B6-55F4BA12B3F2}.Debug|Win32.Build.0 = Debug|Win32
		{5E2548A1-C280-49E1-A2B6-55F4BA12B3F2}.Debug|Win32.Deploy.0 = Debug|Win32
		{5E2548A1-C280-49E1-A2B6-55F4BA12B3F2}.Debug|x64.ActiveCfg = Debug|x64
		{5E2548A1-C280-49E1-A2B6-55F4BA12B3F2}.Debug|x64.Build.0 = Debug|x64
		{5E2548A1-C280-49E1-A2B6-55F4BA12B3F2}.Debug|x86.ActiveCfg = Debug|Win32
		{5E2548A1-C280-49E1-A2B6-55F4BA12B3F2}.Debug|x86.Build.0 = Debug|Win32
		{5E2548A1-C280-49E1-A2B6-55F4BA12B3F2}.Release|Any CPU.ActiveCfg = Release|Win32
		{5E2548A1-C280-49E1-A2B6-55F4BA12B3F2}.Release|Win32.ActiveCfg = Release|Win32
		{5E2548A1-C280-49E1-A2B6-55F4BA12B3F2}.Release|Win32.Build.0 = Release|Win32
		{5E2548A1-C280-49E1-A2B6-55F4BA12B3F2}.Release|Win32.Deploy.0 = Release|Win32
		{5E2548A1-C280-49E1-A2B6-55F4BA12B3F2}.Release|x64.ActiveCfg = Release|x64
		{5E2548A1-C280-49E1-A2B6-55F4BA12B3F2}.Release|x64.Build.0 = Release|x64
		{5E2548A1-C280-49E1-A2B6-55F4BA12B3F2}.Release|x86.ActiveCfg = Release|Win32
		{5E2548A1-C280-49E1-A2B6-55F4BA12B3F2}.Release|x86.Build.0 = Release|Win32
		{9EDDB1B5-90E6-4D4F-8B3B-DBA3E3FFDB7A}.Debug|Any CPU.ActiveCfg = Debug|Win32
		{9EDDB1B5-90E6-4D4F-8B3B-DBA3E3FFDB7A}.Debug|Win32.ActiveCfg = Debug|Win32
		{9EDDB1B5-90E6-4D4F-8B3B-DBA3E3FFDB7A}.Debug|Win32.Build.0 = Debug|Win32
		{9EDDB1B5-90E6-4D4F-8B3B-DBA3E3FFDB7A}.Debug|Win32.Deploy.0 = Debug|Win32
		{9EDDB1B5-90E6-4D4F-8B3B-DBA3E3FFDB7A}.Debug|x64.ActiveCfg = Debug|x64
		{9EDDB1B5-90E6-4D4F-8B3B-DBA3E3FFDB7A}.Debug|x64.Build.0 = Debug|x64
		{9EDDB1B5-90E6-4D4F-8B3B-DBA3E3FFDB7A}.Debug|x86.ActiveCfg = Debug|Win32
		{9EDDB1B5-90E6-4D4F-8B3B-DBA3E3FFDB7A}.Debug|x86.Build.0 = Debug|Win32
		{9EDDB1B5-90E6-4D4F-8B3B-DBA3E3FFDB7A}.Release|Any CPU.ActiveCfg = Release|Win32
		{9EDDB1B5-90E6-4D4F-8B3B-DBA3E3FFDB7A}.Release|Win32.ActiveCfg = Release|Win32
		{9EDDB1B5-90E6-4D4F-8B3B-DBA3E3FFDB7A}.Release|Win32.Build.0 = Release|Win32
		{9EDDB1B5-90E6-4D4F-8B3B-DBA3E3FFDB7A}.Release|Win32.Deploy.0 = Release|Win32
		{9EDDB1B5-90E6-4D4F-8B3B-DBA3E3FFDB7A}.Release|x64.ActiveCfg = Release|x64
		{9EDDB1B5-90E6-4D4F-8B3B-DBA3E3FFDB7A}.Release|x64.Build.0 = Release|x64
		{9EDDB1B5-90E6-4D4F-8B3B-DBA3E3FFDB7A}.Release|x86.ActiveCfg = Release|Win32
		{9EDDB1B5-90E6-4D4F-8B3B-DBA3E3FFDB7A}.Release|x86.Build.0 = Release|Win32
		{C1E1F450-B7E1-4796-84D5-7D3C831DFF68}.Debug|Any CPU.ActiveCfg = Debug|Win32
		{C1E1F450-B7E1-4796-84D5-7D3C831DFF68}.Debug|Win32.ActiveCfg = Debug|Win32
		{C1E1F450-B7E1-4796-84D5-7D3C831DFF68}.Debug|Win32.Build.0 = Debug|Win32
		{C1E1F450-B7E1-4796-84D5-7D3C831DFF68}.Debug|Win32.Deploy.0 = Debug|Win32
		{C1E1F450-B7E1-4796-84D5-7D3C831DFF68}.Debug|x64.ActiveCfg = Debug|x64
		{C1E1F450-B7E1-4796-84D5-7D3C831DFF68}.Debug|x64.Build.0 = Debug|x64
		{C1E1F450-B7E1-4796-84D5-7D3C831DFF68}.Debug|x86.ActiveCfg = Debug|Win32
		{C1E1F450-B7E1-4796-84D5-7D3C831DFF68}.Debug|x86.Build.0 = Debug|Win32
		{C1E1F450-B7E1-4796-84D5-7D3C831DFF68}.Release|Any CPU.ActiveCfg = Release|Win32
		{C1E1F450-B7E1-4796-84D5-7D3C831DFF68}.Release|Win32.ActiveCfg = Release|Win32
		{C1E1F450-B7E1-4796-84D5-7D3C831DFF68}.Release|Win32.Build.0 = Release|Win32
		{C1E1F450-B7E1-4796-84D5-7D3C831DFF68}.Release|Win32.Deploy.0 = Release|Win32
		{C1E1F450-B7E1-4796-84D5-7D3C831DFF68}.Release|x64.ActiveCfg = Release|x64
		{C1E1F450-B7E1-4796-84D5-7D3C831DFF68}.Release|x64.Build.0 = Release|x64
		{C1E1F450-B7E1-4796-84D5-7D3C831DFF68}.Release|x86.ActiveCfg = Release|Win32
		{C1E1F450-B7E1-4796-84D5-7D3C831DFF68}.Release|x86.Build.0 = Release|Win32
		{A8DC26E8-826F-4714-8B5E-408E0DD30C74}.Debug|Any CPU.ActiveCfg = Debug|Win32
		{A8DC26E8-826F-4714-8B5E-408E0DD30C74}.Debug|Win32.ActiveCfg = Debug|Win32
		{A8DC26E8-826F-4714-8B5E-408E0DD30C74}.Debug|Win32.Build.0 = Debug|Win32
		{A8DC26E8-826F-4714-8B5E-408E0DD30C74}.Debug|Win32.Deploy.0 = Debug|Win32
		{A8DC26E8-826F-4714-8B5E-408E0DD30C74}.Debug|x64.ActiveCfg = Debug|x64
		{A8DC26E8-826F-4714-8B5E-408E0DD30C74}.Debug|x64.Build.0 = Debug|x64
		{A8DC26E8-826F-4714-8B5E-408E0DD30C74}.Debug|x86.ActiveCfg = Debug|Win32
		{A8DC26E8-826F-4714-8B5E-408E0DD30C74}.Debug|x86.Build.0 = Debug|Win32
		{A8DC26E8-826F-4714-8B5E-408E0DD30C74}.Release|Any CPU.ActiveCfg = Release|Win32
		{A8DC26E8-826F-4714-8B5E-408E0DD30C74}.Release|Win32.ActiveCfg = Release|Win32
		{A8DC26E8-826F-4714-8B5E-408E0DD30C74}.Release|Win32.Build.0 = Release|Win32
		{A8DC26E8-826F-4714-8B5E-408E0DD30C74}.Release|Win32.Deploy.0 = Release|Win32
		{A8DC26E8-826F-4714-8B5E-408E0DD30C74}.Release|x64.ActiveCfg = Release|x64
		{A8DC26E8-826F-4714-8B5E-408E0DD30C74}.Release|x64.Build.0 = Release|x64
		{A8DC26E8-826F-4714-8B5E-408E0DD30C74}.Release|x86.ActiveCfg = Release|Win32
		{A8DC26E8-826F-4714-8B5E-408E0DD30C74}.Release|x86.Build.0 = Release|Win32
		{730F003A-E32A-4917-A0E1-8B4E4B920CA9}.Debug|Any CPU.ActiveCfg = Debug|Win32
		{730F003A-E32A-4917-A0E1-8B4E4B920CA9}.Debug|Win32.ActiveCfg = Debug|Win32
		{730F003A-E32A-4917-A0E1-8B4E4B920CA9}.Debug|Win32.Build.0 = Debug|Win32
		{730F003A-E32A-4917-A0E1-8B4E4B920CA9}.Debug|x64.ActiveCfg = Debug|x64
		{730F003A-E32A-4917-A0E1-8B4E4B920CA9}.Debug|x64.Build.0 = Debug|x64
		{730F003A-E32A-4917-A0E1-8B4E4B920CA9}.Debug|x86.ActiveCfg = Debug|Win32
		{730F003A-E32A-4917-A0E1-8B4E4B920CA9}.Debug|x86.Build.0 = Debug|Win32
		{730F003A-E32A-4917-A0E1-8B4E4B920CA9}.Release|Any CPU.ActiveCfg = Release|Win32
		{730F003A-E32A-4917-A0E1-8B4E4B920CA9}.Release|Win32.ActiveCfg = Release|Win32
		{730F003A-E32A-4917-A0E1-8B4E4B920CA9}.Release|Win32.Build.0 = Release|Win32
		{730F003A-E32A-4917-A0E1-8B4E4B920CA9}.Release|x64.ActiveCfg = Release|x64
		{730F003A-E32A-4917-A0E1-8B4E4B920CA9}.Release|x64.Build.0 = Release|x64
		{730F003A-E32A-4917-A0E1-8B4E4B920CA9}.Release|x86.ActiveCfg = Release|Win32
		{730F003A-E32A-4917-A0E1-8B4E4B920CA9}.Release|x86.Build.0 = Release|Win32
		{FE5FFC8A-49A1-49EE-B82B-8305D61D4754}.Debug|Any CPU.ActiveCfg = Debug|Win32
		{FE5FFC8A-49A1-49EE-B82B-8305D61D4754}.Debug|Win32.ActiveCfg = Debug|Win32
		{FE5FFC8A-49A1-49EE-B82B-8305D61D4754}.Debug|Win32.Build.0 = Debug|Win32
		{FE5FFC8A-49A1-49EE-B82B-8305D61D4754}.Debug|Win32.Deploy.0 = Debug|Win32
		{FE5FFC8A-49A1-49EE-B82B-8305D61D4754}.Debug|x64.ActiveCfg = Debug|x64
		{FE5FFC8A-49A1-49EE-B82B-8305D61D4754}.Debug|x64.Build.0 = Debug|x64
		{FE5FFC8A-49A1-49EE-B82B-8305D61D4754}.Debug|x86.ActiveCfg = Debug|Win32
		{FE5FFC8A-49A1-49EE-B82B-8305D61D4754}.Debug|x86.Build.0 = Debug|Win32
		{FE5FFC8A-49A1-49EE-B82B-8305D61D4754}.Release|Any CPU.ActiveCfg = Release|Win32
		{FE5FFC8A-49A1-49EE-B82B-8305D61D4754}.Release|Win32.ActiveCfg = Release|Win32
		{FE5FFC8A-49A1-49EE-B82B-8305D61D4754}.Release|Win32.Build.0 = Release|Win32
		{FE5FFC8A-49A1-49EE-B82B-8305D61D4754}.Release|Win32.Deploy.0 = Release|Win32
		{FE5FFC8A-49A1-49EE-B82B-8305D61D4754}.Release|x64.ActiveCfg = Release|x64
		{FE5FFC8A-49A1-49EE-B82B-8305D61D4754}.Release|x64.Build.0 = Release|x64
		{FE5FFC8A-49A1-49EE-B82B-8305D61D4754}.Release|x86.ActiveCfg = Release|Win32
		{FE5FFC8A-49A1-49EE-B82B-8305D61D4754}.Release|x86.Build.0 = Release|Win32
		{95752F9E-1DB5-4AAB-9F36-F984DF608F26}.Debug|Any CPU.ActiveCfg = Debug|Win32
		{95752F9E-1DB5-4AAB-9F36-F984DF608F26}.Debug|Win32.ActiveCfg = Debug|Win32
		{95752F9E-1DB5-4AAB-9F36-F984DF608F26}.Debug|Win32.Build.0 = Debug|Win32
		{95752F9E-1DB5-4AAB-9F36-F984DF608F26}.Debug|x64.ActiveCfg = Debug|x64
		{95752F9E-1DB5-4AAB-9F36-F984DF608F26}.Debug|x64.Build.0 = Debug|x64
		{95752F9E-1DB5-4AAB-9F36-F984DF608F26}.Debug|x86.ActiveCfg = Debug|Win32
		{95752F9E-1DB5-4AAB-9F36-F984DF608F26}.Debug|x86.Build.0 = Debug|Win32
		{95752F9E-1DB5-4AAB-9F36-F984DF608F26}.Release|Any CPU.ActiveCfg = Release|Win32
		{95752F9E-1DB5-4AAB-9F36-F984DF608F26}.Release|Win32.ActiveCfg = Release|Win32
		{95752F9E-1DB5-4AAB-9F36-F984DF608F26}.Release|Win32.Build.0 = Release|Win32
		{95752F9E-1DB5-4AAB-9F36-F984DF608F26}.Release|x64.ActiveCfg = Release|x64
		{95752F9E-1DB5-4AAB-9F36-F984DF608F26}.Release|x64.Build.0 = Release|x64
		{95752F9E-1DB5-4AAB-9F36-F984DF608F26}.Release|x86.ActiveCfg = Release|Win32
		{95752F9E-1DB5-4AAB-9F36-F984DF608F26}.Release|x86.Build.0 = Release|Win32
		{CDEF5B56-A678-444B-A782-F85F542C33BC}.Debug|Any CPU.ActiveCfg = Debug|Win32
		{CDEF5B56-A678-444B-A782-F85F542C33BC}.Debug|Win32.ActiveCfg = Debug|Win32
		{CDEF5B56-A678-444B-A782-F85F542C33BC}.Debug|Win32.Build.0 = Debug|Win32
		{CDEF5B56-A678-444B-A782-F85F542C33BC}.Debug|x64.ActiveCfg = Debug|x64
		{CDEF5B56-A678-444B-A782-F85F542C33BC}.Debug|x64.Build.0 = Debug|x64
		{CDEF5B56-A678-444B-A782-F85F542C33BC}.Debug|x86.ActiveCfg = Debug|Win32
		{CDEF5B56-A678-444B-A782-F85F542C33BC}.Debug|x86.Build.0 = Debug|Win32
		{CDEF5B56-A678-444B-A782-F85F542C33BC}.Release|Any CPU.ActiveCfg = Release|Win32
		{CDEF5B56-A678-444B-A782-F85F542C33BC}.Release|Win32.ActiveCfg = Release|Win32
		{CDEF5B56-A678-444B-A782-F85F542C33BC}.Release|Win32.Build.0 = Release|Win32
		{CDEF5B56-A678-444B-A782-F85F542C33BC}.Release|x64.ActiveCfg = Release|x64
		{CDEF5B56-A678-444B-A782-F85F542C33BC}.Release|x64.Build.0 = Release|x64
		{CDEF5B56-A678-444B-A782-F85F542C33BC}.Release|x86.ActiveCfg = Release|Win32
		{CDEF5B56-A678-444B-A782-F85F542C33BC}.Release|x86.Build.0 = Release|Win32
		{6F1BF5F0-14D9-4957-B51B-3A5ACF000072}.Debug|Any CPU.ActiveCfg = Debug|Win32
		{6F1BF5F0-14D9-4957-B51B-3A5ACF000072}.Debug|Win32.ActiveCfg = Debug|Win32
		{6F1BF5F0-14D9-4957-B51B-3A5ACF000072}.Debug|Win32.Build.0 = Debug|Win32
		{6F1BF5F0-14D9-4957-B51B-3A5ACF000072}.Debug|Win32.Deploy.0 = Debug|Win32
		{6F1BF5F0-14D9-4957-B51B-3A5ACF000072}.Debug|x64.ActiveCfg = Debug|x64
		{6F1BF5F0-14D9-4957-B51B-3A5ACF000072}.Debug|x64.Build.0 = Debug|x64
		{6F1BF5F0-14D9-4957-B51B-3A5ACF000072}.Debug|x86.ActiveCfg = Debug|Win32
		{6F1BF5F0-14D9-4957-B51B-3A5ACF000072}.Debug|x86.Build.0 = Debug|Win32
		{6F1BF5F0-14D9-4957-B51B-3A5ACF000072}.Release|Any CPU.ActiveCfg = Release|Win32
		{6F1BF5F0-14D9-4957-B51B-3A5ACF000072}.Release|Win32.ActiveCfg = Release|Win32
		{6F1BF5F0-14D9-4957-B51B-3A5ACF000072}.Release|Win32.Build.0 = Release|Win32
		{6F1BF5F0-14D9-4957-B51B-3A5ACF000072}.Release|Win32.Deploy.0 = Release|Win32
		{6F1BF5F0-14D9-4957-B51B-3A5ACF000072}.Release|x64.ActiveCfg = Release|x64
		{6F1BF5F0-14D9-4957-B51B-3A5ACF000072}.Release|x64.Build.0 = Release|x64
		{6F1BF5F0-14D9-4957-B51B-3A5ACF000072}.Release|x86.ActiveCfg = Release|Win32
		{6F1BF5F0-14D9-4957-B51B-3A5ACF000072}.Release|x86.Build.0 = Release|Win32
		{CC951A53-373B-4EF8-90F1-FC040BF8236E}.Debug|Any CPU.ActiveCfg = Debug|Win32
		{CC951A53-373B-4EF8-90F1-FC040BF8236E}.Debug|Win32.ActiveCfg = Debug|Win32
		{CC951A53-373B-4EF8-90F1-FC040BF8236E}.Debug|Win32.Build.0 = Debug|Win32
		{CC951A53-373B-4EF8-90F1-FC040BF8236E}.Debug|Win32.Deploy.0 = Debug|Win32
		{CC951A53-373B-4EF8-90F1-FC040BF8236E}.Debug|x64.ActiveCfg = Debug|x64
		{CC951A53-373B-4EF8-90F1-FC040BF8236E}.Debug|x64.Build.0 = Debug|x64
		{CC951A53-373B-4EF8-90F1-FC040BF8236E}.Debug|x86.ActiveCfg = Debug|Win32
		{CC951A53-373B-4EF8-90F1-FC040BF8236E}.Debug|x86.Build.0 = Debug|Win32
		{CC951A53-373B-4EF8-90F1-FC040BF8236E}.Release|Any CPU.ActiveCfg = Release|Win32
		{CC951A53-373B-4EF8-90F1-FC040BF8236E}.Release|Win32.ActiveCfg = Release|Win32
		{CC951A53-373B-4EF8-90F1-FC040BF8236E}.Release|Win32.Build.0 = Release|Win32
		{CC951A53-373B-4EF8-90F1-FC040BF8236E}.Release|Win32.Deploy.0 = Release|Win32
		{CC951A53-373B-4EF8-90F1-FC040BF8236E}.Release|x64.ActiveCfg = Release|x64
		{CC951A53-373B-4EF8-90F1-FC040BF8236E}.Release|x64.Build.0 = Release|x64
		{CC951A53-373B-4EF8-90F1-FC040BF8236E}.Release|x86.ActiveCfg = Release|Win32
		{CC951A53-373B-4EF8-90F1-FC040BF8236E}.Release|x86.Build.0 = Release|Win32
		{0A82ECDC-7520-453A-8F2C-D813FEEE7537}.Debug|Any CPU.ActiveCfg = Debug|Win32
		{0A82ECDC-7520-453A-8F2C-D813FEEE7537}.Debug|Win32.ActiveCfg = Debug|Win32
		{0A82ECDC-7520-453A-8F2C-D813FEEE7537}.Debug|Win32.Build.0 = Debug|Win32
		{0A82ECDC-7520-453A-8F2C-D813FEEE7537}.Debug|Win32.Deploy.0 = Debug|Win32
		{0A82ECDC-7520-453A-8F2C-D813FEEE7537}.Debug|x64.ActiveCfg = Debug|Win32
		{0A82ECDC-7520-453A-8F2C-D813FEEE7537}.Debug|x86.ActiveCfg = Debug|Win32
		{0A82ECDC-7520-453A-8F2C-D813FEEE7537}.Debug|x86.Build.0 = Debug|Win32
		{0A82ECDC-7520-453A-8F2C-D813FEEE7537}.Release|Any CPU.ActiveCfg = Release|Win32
		{0A82ECDC-7520-453A-8F2C-D813FEEE7537}.Release|Win32.ActiveCfg = Release|Win32
		{0A82ECDC-7520-453A-8F2C-D813FEEE7537}.Release|Win32.Build.0 = Release|Win32
		{0A82ECDC-7520-453A-8F2C-D813FEEE7537}.Release|Win32.Deploy.0 = Release|Win32
		{0A82ECDC-7520-453A-8F2C-D813FEEE7537}.Release|x64.ActiveCfg = Release|Win32
		{0A82ECDC-7520-453A-8F2C-D813FEEE7537}.Release|x86.ActiveCfg = Release|Win32
		{0A82ECDC-7520-453A-8F2C-D813FEEE7537}.Release|x86.Build.0 = Release|Win32
		{7CC2C0A5-F346-4AE8-87AA-D7F3D1753CD6}.Debug|Any CPU.ActiveCfg = Debug|Win32
		{7CC2C0A5-F346-4AE8-87AA-D7F3D1753CD6}.Debug|Win32.ActiveCfg = Debug|Win32
		{7CC2C0A5-F346-4AE8-87AA-D7F3D1753CD6}.Debug|Win32.Build.0 = Debug|Win32
		{7CC2C0A5-F346-4AE8-87AA-D7F3D1753CD6}.Debug|Win32.Deploy.0 = Debug|Win32
		{7CC2C0A5-F346-4AE8-87AA-D7F3D1753CD6}.Debug|x64.ActiveCfg = Debug|x64
		{7CC2C0A5-F346-4AE8-87AA-D7F3D1753CD6}.Debug|x64.Build.0 = Debug|x64
		{7CC2C0A5-F346-4AE8-87AA-D7F3D1753CD6}.Debug|x86.ActiveCfg = Debug|Win32
		{7CC2C0A5-F346-4AE8-87AA-D7F3D1753CD6}.Debug|x86.Build.0 = Debug|Win32
		{7CC2C0A5-F346-4AE8-87AA-D7F3D1753CD6}.Release|Any CPU.ActiveCfg = Release|Win32
		{7CC2C0A5-F346-4AE8-87AA-D7F3D1753CD6}.Release|Win32.ActiveCfg = Release|Win32
		{7CC2C0A5-F346-4AE8-87AA-D7F3D1753CD6}.Release|Win32.Build.0 = Release|Win32
		{7CC2C0A5-F346-4AE8-87AA-D7F3D1753CD6}.Release|Win32.Deploy.0 = Release|Win32
		{7CC2C0A5-F346-4AE8-87AA-D7F3D1753CD6}.Release|x64.ActiveCfg = Release|x64
		{7CC2C0A5-F346-4AE8-87AA-D7F3D1753CD6}.Release|x64.Build.0 = Release|x64
		{7CC2C0A5-F346-4AE8-87AA-D7F3D1753CD6}.Release|x86.ActiveCfg = Release|Win32
		{7CC2C0A5-F346-4AE8-87AA-D7F3D1753CD6}.Release|x86.Build.0 = Release|Win32
		{E4EA8A18-F769-46CE-9914-FA361B18CA86}.Debug|Any CPU.ActiveCfg = Debug|Win32
		{E4EA8A18-F769-46CE-9914-FA361B18CA86}.Debug|Win32.ActiveCfg = Debug|Win32
		{E4EA8A18-F769-46CE-9914-FA361B18CA86}.Debug|Win32.Build.0 = Debug|Win32
		{E4EA8A18-F769-46CE-9914-FA361B18CA86}.Debug|Win32.Deploy.0 = Debug|Win32
		{E4EA8A18-F769-46CE-9914-FA361B18CA86}.Debug|x64.ActiveCfg = Debug|x64
		{E4EA8A18-F769-46CE-9914-FA361B18CA86}.Debug|x64.Build.0 = Debug|x64
		{E4EA8A18-F769-46CE-9914-FA361B18CA86}.Debug|x86.ActiveCfg = Debug|Win32
		{E4EA8A18-F769-46CE-9914-FA361B18CA86}.Debug|x86.Build.0 = Debug|Win32
		{E4EA8A18-F769-46CE-9914-FA361B18CA86}.Release|Any CPU.ActiveCfg = Release|Win32
		{E4EA8A18-F769-46CE-9914-FA361B18CA86}.Release|Win32.ActiveCfg = Release|Win32
		{E4EA8A18-F769-46CE-9914-FA361B18CA86}.Release|Win32.Build.0 = Release|Win32
		{E4EA8A18-F769-46CE-9914-FA361B18CA86}.Release|Win32.Deploy.0 = Release|Win32
		{E4EA8A18-F769-46CE-9914-FA361B18CA86}.Release|x64.ActiveCfg = Release|x64
		{E4EA8A18-F769-46CE-9914-FA361B18CA86}.Release|x64.Build.0 = Release|x64
		{E4EA8A18-F769-46CE-9914-FA361B18CA86}.Release|x86.ActiveCfg = Release|Win32
		{E4EA8A18-F769-46CE-9914-FA361B18CA86}.Release|x86.Build.0 = Release|Win32
		{CB7C2B8E-57CC-4B26-8B34-ADE7E94DED7E}.Debug|Any CPU.ActiveCfg = Debug|Win32
		{CB7C2B8E-57CC-4B26-8B34-ADE7E94DED7E}.Debug|Win32.ActiveCfg = Debug|Win32
		{CB7C2B8E-57CC-4B26-8B34-ADE7E94DED7E}.Debug|Win32.Build.0 = Debug|Win32
		{CB7C2B8E-57CC-4B26-8B34-ADE7E94DED7E}.Debug|Win32.Deploy.0 = Debug|Win32
		{CB7C2B8E-57CC-4B26-8B34-ADE7E94DED7E}.Debug|x64.ActiveCfg = Debug|x64
		{CB7C2B8E-57CC-4B26-8B34-ADE7E94DED7E}.Debug|x64.Build.0 = Debug|x64
		{CB7C2B8E-57CC-4B26-8B34-ADE7E94DED7E}.Debug|x86.ActiveCfg = Debug|Win32
		{CB7C2B8E-57CC-4B26-8B34-ADE7E94DED7E}.Debug|x86.Build.0 = Debug|Win32
		{CB7C2B8E-57CC-4B26-8B34-ADE7E94DED7E}.Release|Any CPU.ActiveCfg = Release|Win32
		{CB7C2B8E-57CC-4B26-8B34-ADE7E94DED7E}.Release|Win32.ActiveCfg = Release|Win32
		{CB7C2B8E-57CC-4B26-8B34-ADE7E94DED7E}.Release|Win32.Build.0 = Release|Win32
		{CB7C2B8E-57CC-4B26-8B34-ADE7E94DED7E}.Release|Win32.Deploy.0 = Release|Win32
		{CB7C2B8E-57CC-4B26-8B34-ADE7E94DED7E}.Release|x64.ActiveCfg = Release|x64
		{CB7C2B8E-57CC-4B26-8B34-ADE7E94DED7E}.Release|x64.Build.0 = Release|x64
		{CB7C2B8E-57CC-4B26-8B34-ADE7E94DED7E}.Release|x86.ActiveCfg = Release|Win32
		{CB7C2B8E-57CC-4B26-8B34-ADE7E94DED7E}.Release|x86.Build.0 = Release|Win32
		{390FB032-E872-41B3-8D3A-A6DEBAAE65B3}.Debug|Any CPU.ActiveCfg = Debug|Win32
		{390FB032-E872-41B3-8D3A-A6DEBAAE65B3}.Debug|Win32.ActiveCfg = Debug|Win32
		{390FB032-E872-41B3-8D3A-A6DEBAAE65B3}.Debug|Win32.Build.0 = Debug|Win32
		{390FB032-E872-41B3-8D3A-A6DEBAAE65B3}.Debug|Win32.Deploy.0 = Debug|Win32
		{390FB032-E872-41B3-8D3A-A6DEBAAE65B3}.Debug|x64.ActiveCfg = Debug|x64
		{390FB032-E872-41B3-8D3A-A6DEBAAE65B3}.Debug|x64.Build.0 = Debug|x64
		{390FB032-E872-41B3-8D3A-A6DEBAAE65B3}.Debug|x86.ActiveCfg = Debug|Win32
		{390FB032-E872-41B3-8D3A-A6DEBAAE65B3}.Debug|x86.Build.0 = Debug|Win32
		{390FB032-E872-41B3-8D3A-A6DEBAAE65B3}.Release|Any CPU.ActiveCfg = Release|Win32
		{390FB032-E872-41B3-8D3A-A6DEBAAE65B3}.Release|Win32.ActiveCfg = Release|Win32
		{390FB032-E872-41B3-8D3A-A6DEBAAE65B3}.Release|Win32.Build.0 = Release|Win32
		{390FB032-E872-41B3-8D3A-A6DEBAAE65B3}.Release|Win32.Deploy.0 = Release|Win32
		{390FB032-E872-41B3-8D3A-A6DEBAAE65B3}.Release|x64.ActiveCfg = Release|x64
		{390FB032-E872-41B3-8D3A-A6DEBAAE65B3}.Release|x64.Build.0 = Release|x64
		{390FB032-E872-41B3-8D3A-A6DEBAAE65B3}.Release|x86.ActiveCfg = Release|Win32
		{390FB032-E872-41B3-8D3A-A6DEBAAE65B3}.Release|x86.Build.0 = Release|Win32
		{28CC928B-FC81-4140-8860-76ECEA14EF16}.Debug|Any CPU.ActiveCfg = Debug|Win32
		{28CC928B-FC81-4140-8860-76ECEA14EF16}.Debug|Win32.ActiveCfg = Debug|Win32
		{28CC928B-FC81-4140-8860-76ECEA14EF16}.Debug|Win32.Build.0 = Debug|Win32
		{28CC928B-FC81-4140-8860-76ECEA14EF16}.Debug|Win32.Deploy.0 = Debug|Win32
		{28CC928B-FC81-4140-8860-76ECEA14EF16}.Debug|x64.ActiveCfg = Debug|x64
		{28CC928B-FC81-4140-8860-76ECEA14EF16}.Debug|x64.Build.0 = Debug|x64
		{28CC928B-FC81-4140-8860-76ECEA14EF16}.Debug|x86.ActiveCfg = Debug|Win32
		{28CC928B-FC81-4140-8860-76ECEA14EF16}.Debug|x86.Build.0 = Debug|Win32
		{28CC928B-FC81-4140-8860-76ECEA14EF16}.Release|Any CPU.ActiveCfg = Release|Win32
		{28CC928B-FC81-4140-8860-76ECEA14EF16}.Release|Win32.ActiveCfg = Release|Win32
		{28CC928B-FC81-4140-8860-76ECEA14EF16}.Release|Win32.Build.0 = Release|Win32
		{28CC928B-FC81-4140-8860-76ECEA14EF16}.Release|Win32.Deploy.0 = Release|Win32
		{28CC928B-FC81-4140-8860-76ECEA14EF16}.Release|x64.ActiveCfg = Release|x64
		{28CC928B-FC81-4140-8860-76ECEA14EF16}.Release|x64.Build.0 = Release|x64
		{28CC928B-FC81-4140-8860-76ECEA14EF16}.Release|x86.ActiveCfg = Release|Win32
		{28CC928B-FC81-4140-8860-76ECEA14EF16}.Release|x86.Build.0 = Release|Win32
		{174AE3C6-3A85-4815-9ED4-61C3D07ECF67}.Debug|Any CPU.ActiveCfg = Debug|Win32
		{174AE3C6-3A85-4815-9ED4-61C3D07ECF67}.Debug|Win32.ActiveCfg = Debug|Win32
		{174AE3C6-3A85-4815-9ED4-61C3D07ECF67}.Debug|Win32.Build.0 = Debug|Win32
		{174AE3C6-3A85-4815-9ED4-61C3D07ECF67}.Debug|x64.ActiveCfg = Debug|x64
		{174AE3C6-3A85-4815-9ED4-61C3D07ECF67}.Debug|x64.Build.0 = Debug|x64
		{174AE3C6-3A85-4815-9ED4-61C3D07ECF67}.Debug|x86.ActiveCfg = Debug|Win32
		{174AE3C6-3A85-4815-9ED4-61C3D07ECF67}.Debug|x86.Build.0 = Debug|Win32
		{174AE3C6-3A85-4815-9ED4-61C3D07ECF67}.Release|Any CPU.ActiveCfg = Release|Win32
		{174AE3C6-3A85-4815-9ED4-61C3D07ECF67}.Release|Win32.ActiveCfg = Release|Win32
		{174AE3C6-3A85-4815-9ED4-61C3D07ECF67}.Release|Win32.Build.0 = Release|Win32
		{174AE3C6-3A85-4815-9ED4-61C3D07ECF67}.Release|x64.ActiveCfg = Release|x64
		{174AE3C6-3A85-4815-9ED4-61C3D07ECF67}.Release|x64.Build.0 = Release|x64
		{174AE3C6-3A85-4815-9ED4-61C3D07ECF67}.Release|x86.ActiveCfg = Release|Win32
		{174AE3C6-3A85-4815-9ED4-61C3D07ECF67}.Release|x86.Build.0 = Release|Win32
		{0DF69446-9EB4-4F28-B6E1-DAB5F82CCF9B}.Debug|Any CPU.ActiveCfg = Debug|Win32
		{0DF69446-9EB4-4F28-B6E1-DAB5F82CCF9B}.Debug|Win32.ActiveCfg = Debug|Win32
		{0DF69446-9EB4-4F28-B6E1-DAB5F82CCF9B}.Debug|Win32.Build.0 = Debug|Win32
		{0DF69446-9EB4-4F28-B6E1-DAB5F82CCF9B}.Debug|x64.ActiveCfg = Debug|x64
		{0DF69446-9EB4-4F28-B6E1-DAB5F82CCF9B}.Debug|x64.Build.0 = Debug|x64
		{0DF69446-9EB4-4F28-B6E1-DAB5F82CCF9B}.Debug|x86.ActiveCfg = Debug|Win32
		{0DF69446-9EB4-4F28-B6E1-DAB5F82CCF9B}.Debug|x86.Build.0 = Debug|Win32
		{0DF69446-9EB4-4F28-B6E1-DAB5F82CCF9B}.Release|Any CPU.ActiveCfg = Release|Win32
		{0DF69446-9EB4-4F28-B6E1-DAB5F82CCF9B}.Release|Win32.ActiveCfg = Release|Win32
		{0DF69446-9EB4-4F28-B6E1-DAB5F82CCF9B}.Release|Win32.Build.0 = Release|Win32
		{0DF69446-9EB4-4F28-B6E1-DAB5F82CCF9B}.Release|x64.ActiveCfg = Release|x64
		{0DF69446-9EB4-4F28-B6E1-DAB5F82CCF9B}.Release|x64.Build.0 = Release|x64
		{0DF69446-9EB4-4F28-B6E1-DAB5F82CCF9B}.Release|x86.ActiveCfg = Release|Win32
		{0DF69446-9EB4-4F28-B6E1-DAB5F82CCF9B}.Release|x86.Build.0 = Release|Win32
		{C43016C6-1185-4B8A-955A-8542652DA4A9}.Debug|Any CPU.ActiveCfg = Debug|Win32
		{C43016C6-1185-4B8A-955A-8542652DA4A9}.Debug|Win32.ActiveCfg = Debug|Win32
		{C43016C6-1185-4B8A-955A-8542652DA4A9}.Debug|Win32.Build.0 = Debug|Win32
		{C43016C6-1185-4B8A-955A-8542652DA4A9}.Debug|x64.ActiveCfg = Debug|x64
		{C43016C6-1185-4B8A-955A-8542652DA4A9}.Debug|x64.Build.0 = Debug|x64
		{C43016C6-1185-4B8A-955A-8542652DA4A9}.Debug|x86.ActiveCfg = Debug|Win32
		{C43016C6-1185-4B8A-955A-8542652DA4A9}.Debug|x86.Build.0 = Debug|Win32
		{C43016C6-1185-4B8A-955A-8542652DA4A9}.Release|Any CPU.ActiveCfg = Release|Win32
		{C43016C6-1185-4B8A-955A-8542652DA4A9}.Release|Win32.ActiveCfg = Release|Win32
		{C43016C6-1185-4B8A-955A-8542652DA4A9}.Release|Win32.Build.0 = Release|Win32
		{C43016C6-1185-4B8A-955A-8542652DA4A9}.Release|x64.ActiveCfg = Release|x64
		{C43016C6-1185-4B8A-955A-8542652DA4A9}.Release|x64.Build.0 = Release|x64
		{C43016C6-1185-4B8A-955A-8542652DA4A9}.Release|x86.ActiveCfg = Release|Win32
		{C43016C6-1185-4B8A-955A-8542652DA4A9}.Release|x86.Build.0 = Release|Win32
	EndGlobalSection
	GlobalSection(SolutionProperties) = preSolution
		HideSolutionNode = FALSE
	EndGlobalSection
	GlobalSection(ExtensibilityGlobals) = postSolution
		SolutionGuid = {447944C8-FF12-432B-9FE8-5F58730E9050}
	EndGlobalSection
EndGlobal
